<?xml version="1.0" encoding="utf-8"?>
<Project ToolsVersion="4.0" xmlns="http://schemas.microsoft.com/developer/msbuild/2003">
  <ItemGroup>
    <CudaCompile Include="kernel.cu" />
    <CudaCompile Include="KahanSummationTest.cu" />
    <CudaCompile Include="RungeKuttaTest.cu" />
    <CudaCompile Include="ZFuncExportTest.cu" />
  </ItemGroup>
  <ItemGroup>
    <Filter Include="WHFI">
      <UniqueIdentifier>{8de85093-56f6-4f0c-b124-6a8a2b0da610}</UniqueIdentifier>
    </Filter>
    <Filter Include="ZFunc">
      <UniqueIdentifier>{7b97a2f4-303d-437e-9b4b-278c56397b53}</UniqueIdentifier>
    </Filter>
    <Filter Include="Table">
      <UniqueIdentifier>{f868759e-07f3-4cdf-85c9-05f27ecd01e0}</UniqueIdentifier>
    </Filter>
    <Filter Include="Math">
      <UniqueIdentifier>{d9eb68dc-4580-46d2-bd94-b51ee97d1f01}</UniqueIdentifier>
    </Filter>
    <Filter Include="Math\device">
      <UniqueIdentifier>{23658cf7-74db-4dd3-a940-2908563aa8fa}</UniqueIdentifier>
    </Filter>
    <Filter Include="Math\host">
      <UniqueIdentifier>{6535de22-8ac4-44b5-aff9-f2c333fb0a6e}</UniqueIdentifier>
    </Filter>
  </ItemGroup>
  <ItemGroup>
    <ClInclude Include="DispersionRelation.cuh">
      <Filter>WHFI</Filter>
    </ClInclude>
    <ClInclude Include="PhysicalParameters.h">
      <Filter>WHFI</Filter>
    </ClInclude>
    <ClInclude Include="ZFunc.cuh">
      <Filter>ZFunc</Filter>
    </ClInclude>
    <ClInclude Include="SimpleTable.h">
      <Filter>Table</Filter>
    </ClInclude>
    <ClInclude Include="KahanSumSequence.cuh">
      <Filter>Math\device</Filter>
    </ClInclude>
    <ClInclude Include="RungeKutta.cuh">
      <Filter>Math\device</Filter>
    </ClInclude>
    <ClInclude Include="StepSolver.h">
      <Filter>Math\host</Filter>
    </ClInclude>
    <ClInclude Include="StepSolver.cuh">
      <Filter>Math\device</Filter>
    </ClInclude>
    <ClInclude Include="DeviceOptional.h">
      <Filter>Math\device</Filter>
    </ClInclude>
    <ClInclude Include="RungeKutta.h">
      <Filter>Math\host</Filter>
    </ClInclude>
    <ClInclude Include="SimpleTableIO.h">
      <Filter>Table</Filter>
    </ClInclude>
    <ClInclude Include="DispersionRelation.h">
      <Filter>WHFI</Filter>
    </ClInclude>
    <ClInclude Include="ZFunc.h">
      <Filter>ZFunc</Filter>
    </ClInclude>
    <ClInclude Include="DispersionRelationKGridSolver.h">
      <Filter>WHFI</Filter>
    </ClInclude>
    <ClInclude Include="ZFuncIO.h">
      <Filter>ZFunc</Filter>
    </ClInclude>
    <ClInclude Include="DispersionRelationResonantVelocitySolver.h">
      <Filter>WHFI</Filter>
    </ClInclude>
    <ClInclude Include="VparallGridCalculation.h">
      <Filter>WHFI</Filter>
    </ClInclude>
  </ItemGroup>
  <ItemGroup>
    <ClCompile Include="Main.cpp" />
    <ClCompile Include="KGridSolverHost.cpp" />
    <ClCompile Include="ResonantVelocitySolverHost.cpp" />
    <ClCompile Include="DiffusionCoefficientsKernellHost.cpp" />
  </ItemGroup>
</Project>